
Microsoft Visual Studio Solution File, Format Version 11.00
# Visual Studio 2010
Project("{FAE04EC0-301F-11D3-BF4B-00C04F79EFBC}") = "Assembly-CSharp", "Assembly-CSharp.csproj", "{371ae16e-2d1a-62d5-12c9-446390bb4c40}"
EndProject
Project("{FAE04EC0-301F-11D3-BF4B-00C04F79EFBC}") = "UltEvents", "UltEvents.csproj", "{c016187e-4838-adcf-c560-5d4d38460908}"
EndProject
Project("{FAE04EC0-301F-11D3-BF4B-00C04F79EFBC}") = "Sirenix.OdinInspector.CompatibilityLayer", "Sirenix.OdinInspector.CompatibilityLayer.csproj", "{31b6ca06-15e2-7fc6-5a76-9f9e550ae03f}"
EndProject
Project("{FAE04EC0-301F-11D3-BF4B-00C04F79EFBC}") = "Sirenix.OdinInspector.CompatibilityLayer.Editor", "Sirenix.OdinInspector.CompatibilityLayer.Editor.csproj", "{36515c5b-8d6b-ebf1-e01f-71b42fccfe5e}"
EndProject
Project("{FAE04EC0-301F-11D3-BF4B-00C04F79EFBC}") = "Sirenix.OdinInspector.Modules.UnityMathematics", "Sirenix.OdinInspector.Modules.UnityMathematics.csproj", "{476905d9-7f46-e9a3-8d5a-795cfd896039}"
EndProject
Project("{FAE04EC0-301F-11D3-BF4B-00C04F79EFBC}") = "Assembly-CSharp-firstpass", "Assembly-CSharp-firstpass.csproj", "{8f52af2a-8f4b-be62-108e-93b82d506fb5}"
EndProject
Global
	GlobalSection(SolutionConfigurationPlatforms) = preSolution
		Debug|Any CPU = Debug|Any CPU
	EndGlobalSection
	GlobalSection(ProjectConfigurationPlatforms) = postSolution
		{371ae16e-2d1a-62d5-12c9-446390bb4c40}.Debug|Any CPU.ActiveCfg = Debug|Any CPU
		{371ae16e-2d1a-62d5-12c9-446390bb4c40}.Debug|Any CPU.Build.0 = Debug|Any CPU
		{c016187e-4838-adcf-c560-5d4d38460908}.Debug|Any CPU.ActiveCfg = Debug|Any CPU
		{c016187e-4838-adcf-c560-5d4d38460908}.Debug|Any CPU.Build.0 = Debug|Any CPU
		{31b6ca06-15e2-7fc6-5a76-9f9e550ae03f}.Debug|Any CPU.ActiveCfg = Debug|Any CPU
		{31b6ca06-15e2-7fc6-5a76-9f9e550ae03f}.Debug|Any CPU.Build.0 = Debug|Any CPU
		{36515c5b-8d6b-ebf1-e01f-71b42fccfe5e}.Debug|Any CPU.ActiveCfg = Debug|Any CPU
		{36515c5b-8d6b-ebf1-e01f-71b42fccfe5e}.Debug|Any CPU.Build.0 = Debug|Any CPU
		{476905d9-7f46-e9a3-8d5a-795cfd896039}.Debug|Any CPU.ActiveCfg = Debug|Any CPU
		{476905d9-7f46-e9a3-8d5a-795cfd896039}.Debug|Any CPU.Build.0 = Debug|Any CPU
		{8f52af2a-8f4b-be62-108e-93b82d506fb5}.Debug|Any CPU.ActiveCfg = Debug|Any CPU
		{8f52af2a-8f4b-be62-108e-93b82d506fb5}.Debug|Any CPU.Build.0 = Debug|Any CPU
	EndGlobalSection
	GlobalSection(SolutionProperties) = preSolution
		HideSolutionNode = FALSE
	EndGlobalSection
EndGlobal
